// !$*UTF8*$!
{
	archiveVersion = 1;
	classes = {
	};
	objectVersion = 56;
	objects = {

/* Begin PBXBuildFile section */
		173591492BBD95D100F7494A /* HealthStore.swift in Sources */ = {isa = PBXBuildFile; fileRef = 173591452BBD95D100F7494A /* HealthStore.swift */; };
		1735914A2BBD95D100F7494A /* ML.swift in Sources */ = {isa = PBXBuildFile; fileRef = 173591462BBD95D100F7494A /* ML.swift */; };
		1735914B2BBD95D100F7494A /* MlModelForDiplom 1.mlmodel in Sources */ = {isa = PBXBuildFile; fileRef = 173591472BBD95D100F7494A /* MlModelForDiplom 1.mlmodel */; };
		1735914F2BBD99F500F7494A /* StepBarView.swift in Sources */ = {isa = PBXBuildFile; fileRef = 1735914E2BBD99F500F7494A /* StepBarView.swift */; };
		173591512BBD9B8900F7494A /* DiabetPredictView.swift in Sources */ = {isa = PBXBuildFile; fileRef = 173591502BBD9B8900F7494A /* DiabetPredictView.swift */; };
		173A0C482BD16E21003D1C9B /* MenuView.swift in Sources */ = {isa = PBXBuildFile; fileRef = 173A0C472BD16E21003D1C9B /* MenuView.swift */; };
		176412752BA1B28300746175 /* PatientListView.swift in Sources */ = {isa = PBXBuildFile; fileRef = 176412742BA1B28300746175 /* PatientListView.swift */; };
		177059D72B4C31BC0047322B /* MedicalAnalysisApp.swift in Sources */ = {isa = PBXBuildFile; fileRef = 177059D62B4C31BC0047322B /* MedicalAnalysisApp.swift */; };
		177059DB2B4C31C20047322B /* Assets.xcassets in Resources */ = {isa = PBXBuildFile; fileRef = 177059DA2B4C31C20047322B /* Assets.xcassets */; };
		177059DE2B4C31C20047322B /* Preview Assets.xcassets in Resources */ = {isa = PBXBuildFile; fileRef = 177059DD2B4C31C20047322B /* Preview Assets.xcassets */; };
		177059ED2B4CCBC60047322B /* StepModel.swift in Sources */ = {isa = PBXBuildFile; fileRef = 177059EC2B4CCBC60047322B /* StepModel.swift */; };
		17A680772BD68F4D006BC0A8 /* DiabetPredictModel.swift in Sources */ = {isa = PBXBuildFile; fileRef = 17A680762BD68F4D006BC0A8 /* DiabetPredictModel.swift */; };
		17A6807A2BD68FAE006BC0A8 /* AboutDoctorView.swift in Sources */ = {isa = PBXBuildFile; fileRef = 17A680792BD68FAE006BC0A8 /* AboutDoctorView.swift */; };
		17A6807D2BD6906E006BC0A8 /* UserListModel.swift in Sources */ = {isa = PBXBuildFile; fileRef = 17A6807C2BD6906E006BC0A8 /* UserListModel.swift */; };
		17A680802BD695E1006BC0A8 /* AboutPatientView.swift in Sources */ = {isa = PBXBuildFile; fileRef = 17A6807F2BD695E1006BC0A8 /* AboutPatientView.swift */; };
		17A680822BD69C25006BC0A8 /* UploadNewMedDataView.swift in Sources */ = {isa = PBXBuildFile; fileRef = 17A680812BD69C25006BC0A8 /* UploadNewMedDataView.swift */; };
		17A680842BD6A6C5006BC0A8 /* AuthView.swift in Sources */ = {isa = PBXBuildFile; fileRef = 17A680832BD6A6C4006BC0A8 /* AuthView.swift */; };
/* End PBXBuildFile section */

/* Begin PBXFileReference section */
		173591452BBD95D100F7494A /* HealthStore.swift */ = {isa = PBXFileReference; fileEncoding = 4; lastKnownFileType = sourcecode.swift; path = HealthStore.swift; sourceTree = "<group>"; };
		173591462BBD95D100F7494A /* ML.swift */ = {isa = PBXFileReference; fileEncoding = 4; lastKnownFileType = sourcecode.swift; path = ML.swift; sourceTree = "<group>"; };
		173591472BBD95D100F7494A /* MlModelForDiplom 1.mlmodel */ = {isa = PBXFileReference; lastKnownFileType = file.mlmodel; path = "MlModelForDiplom 1.mlmodel"; sourceTree = "<group>"; };
		1735914E2BBD99F500F7494A /* StepBarView.swift */ = {isa = PBXFileReference; lastKnownFileType = sourcecode.swift; path = StepBarView.swift; sourceTree = "<group>"; };
		173591502BBD9B8900F7494A /* DiabetPredictView.swift */ = {isa = PBXFileReference; lastKnownFileType = sourcecode.swift; path = DiabetPredictView.swift; sourceTree = "<group>"; };
		173A0C472BD16E21003D1C9B /* MenuView.swift */ = {isa = PBXFileReference; lastKnownFileType = sourcecode.swift; path = MenuView.swift; sourceTree = "<group>"; };
		176412742BA1B28300746175 /* PatientListView.swift */ = {isa = PBXFileReference; lastKnownFileType = sourcecode.swift; path = PatientListView.swift; sourceTree = "<group>"; };
		177059D32B4C31BC0047322B /* MedicalAnalysis.app */ = {isa = PBXFileReference; explicitFileType = wrapper.application; includeInIndex = 0; path = MedicalAnalysis.app; sourceTree = BUILT_PRODUCTS_DIR; };
		177059D62B4C31BC0047322B /* MedicalAnalysisApp.swift */ = {isa = PBXFileReference; lastKnownFileType = sourcecode.swift; path = MedicalAnalysisApp.swift; sourceTree = "<group>"; };
		177059DA2B4C31C20047322B /* Assets.xcassets */ = {isa = PBXFileReference; lastKnownFileType = folder.assetcatalog; path = Assets.xcassets; sourceTree = "<group>"; };
		177059DD2B4C31C20047322B /* Preview Assets.xcassets */ = {isa = PBXFileReference; lastKnownFileType = folder.assetcatalog; path = "Preview Assets.xcassets"; sourceTree = "<group>"; };
		177059E82B4C330E0047322B /* MedicalAnalysis.entitlements */ = {isa = PBXFileReference; lastKnownFileType = text.plist.entitlements; path = MedicalAnalysis.entitlements; sourceTree = "<group>"; };
		177059EC2B4CCBC60047322B /* StepModel.swift */ = {isa = PBXFileReference; lastKnownFileType = sourcecode.swift; path = StepModel.swift; sourceTree = "<group>"; };
		17A680762BD68F4D006BC0A8 /* DiabetPredictModel.swift */ = {isa = PBXFileReference; lastKnownFileType = sourcecode.swift; path = DiabetPredictModel.swift; sourceTree = "<group>"; };
		17A680792BD68FAE006BC0A8 /* AboutDoctorView.swift */ = {isa = PBXFileReference; lastKnownFileType = sourcecode.swift; path = AboutDoctorView.swift; sourceTree = "<group>"; };
		17A6807C2BD6906E006BC0A8 /* UserListModel.swift */ = {isa = PBXFileReference; lastKnownFileType = sourcecode.swift; path = UserListModel.swift; sourceTree = "<group>"; };
		17A6807F2BD695E1006BC0A8 /* AboutPatientView.swift */ = {isa = PBXFileReference; lastKnownFileType = sourcecode.swift; path = AboutPatientView.swift; sourceTree = "<group>"; };
		17A680812BD69C25006BC0A8 /* UploadNewMedDataView.swift */ = {isa = PBXFileReference; lastKnownFileType = sourcecode.swift; path = UploadNewMedDataView.swift; sourceTree = "<group>"; };
		17A680832BD6A6C4006BC0A8 /* AuthView.swift */ = {isa = PBXFileReference; lastKnownFileType = sourcecode.swift; path = AuthView.swift; sourceTree = "<group>"; };
/* End PBXFileReference section */

/* Begin PBXFrameworksBuildPhase section */
		177059D02B4C31BC0047322B /* Frameworks */ = {
			isa = PBXFrameworksBuildPhase;
			buildActionMask = 2147483647;
			files = (
			);
			runOnlyForDeploymentPostprocessing = 0;
		};
/* End PBXFrameworksBuildPhase section */

/* Begin PBXGroup section */
		173591482BBD95D100F7494A /* ML + HealthKit */ = {
			isa = PBXGroup;
			children = (
				173591452BBD95D100F7494A /* HealthStore.swift */,
				173591462BBD95D100F7494A /* ML.swift */,
				173591472BBD95D100F7494A /* MlModelForDiplom 1.mlmodel */,
				177059EC2B4CCBC60047322B /* StepModel.swift */,
			);
			path = "ML + HealthKit";
			sourceTree = "<group>";
		};
		17597E742BBDAD2400395BCA /* PatientsList */ = {
			isa = PBXGroup;
			children = (
				176412742BA1B28300746175 /* PatientListView.swift */,
				17A6807C2BD6906E006BC0A8 /* UserListModel.swift */,
			);
			path = PatientsList;
			sourceTree = "<group>";
		};
		17597E752BBDAD4100395BCA /* DiabetPredictView */ = {
			isa = PBXGroup;
			children = (
				173591502BBD9B8900F7494A /* DiabetPredictView.swift */,
				17A680762BD68F4D006BC0A8 /* DiabetPredictModel.swift */,
			);
			path = DiabetPredictView;
			sourceTree = "<group>";
		};
		17597E762BBDAD5100395BCA /* StepBar */ = {
			isa = PBXGroup;
			children = (
				1735914E2BBD99F500F7494A /* StepBarView.swift */,
			);
			path = StepBar;
			sourceTree = "<group>";
		};
		177059CA2B4C31BC0047322B = {
			isa = PBXGroup;
			children = (
				17A680832BD6A6C4006BC0A8 /* AuthView.swift */,
				177059D52B4C31BC0047322B /* MedicalAnalysis */,
				177059D42B4C31BC0047322B /* Products */,
			);
			sourceTree = "<group>";
		};
		177059D42B4C31BC0047322B /* Products */ = {
			isa = PBXGroup;
			children = (
				177059D32B4C31BC0047322B /* MedicalAnalysis.app */,
			);
			name = Products;
			sourceTree = "<group>";
		};
		177059D52B4C31BC0047322B /* MedicalAnalysis */ = {
			isa = PBXGroup;
			children = (
				177059E82B4C330E0047322B /* MedicalAnalysis.entitlements */,
				173591482BBD95D100F7494A /* ML + HealthKit */,
				17597E742BBDAD2400395BCA /* PatientsList */,
				17A6807B2BD6903A006BC0A8 /* MainAboutUserView */,
				17A680782BD68F8B006BC0A8 /* Menu */,
				17597E752BBDAD4100395BCA /* DiabetPredictView */,
				17597E762BBDAD5100395BCA /* StepBar */,
				17A6807E2BD690A8006BC0A8 /* App */,
				177059DA2B4C31C20047322B /* Assets.xcassets */,
				177059DC2B4C31C20047322B /* Preview Content */,
			);
			path = MedicalAnalysis;
			sourceTree = "<group>";
		};
		177059DC2B4C31C20047322B /* Preview Content */ = {
			isa = PBXGroup;
			children = (
				177059DD2B4C31C20047322B /* Preview Assets.xcassets */,
			);
			path = "Preview Content";
			sourceTree = "<group>";
		};
		17A680782BD68F8B006BC0A8 /* Menu */ = {
			isa = PBXGroup;
			children = (
				173A0C472BD16E21003D1C9B /* MenuView.swift */,
			);
			path = Menu;
			sourceTree = "<group>";
		};
		17A6807B2BD6903A006BC0A8 /* MainAboutUserView */ = {
			isa = PBXGroup;
			children = (
				17A680792BD68FAE006BC0A8 /* AboutDoctorView.swift */,
				17A6807F2BD695E1006BC0A8 /* AboutPatientView.swift */,
				17A680812BD69C25006BC0A8 /* UploadNewMedDataView.swift */,
			);
			path = MainAboutUserView;
			sourceTree = "<group>";
		};
		17A6807E2BD690A8006BC0A8 /* App */ = {
			isa = PBXGroup;
			children = (
				177059D62B4C31BC0047322B /* MedicalAnalysisApp.swift */,
			);
			path = App;
			sourceTree = "<group>";
		};
/* End PBXGroup section */

/* Begin PBXNativeTarget section */
		177059D22B4C31BC0047322B /* MedicalAnalysis */ = {
			isa = PBXNativeTarget;
			buildConfigurationList = 177059E12B4C31C20047322B /* Build configuration list for PBXNativeTarget "MedicalAnalysis" */;
			buildPhases = (
				177059CF2B4C31BC0047322B /* Sources */,
				177059D02B4C31BC0047322B /* Frameworks */,
				177059D12B4C31BC0047322B /* Resources */,
			);
			buildRules = (
			);
			dependencies = (
			);
			name = MedicalAnalysis;
			productName = MedicalAnalysis;
			productReference = 177059D32B4C31BC0047322B /* MedicalAnalysis.app */;
			productType = "com.apple.product-type.application";
		};
/* End PBXNativeTarget section */

/* Begin PBXProject section */
		177059CB2B4C31BC0047322B /* Project object */ = {
			isa = PBXProject;
			attributes = {
				BuildIndependentTargetsInParallel = 1;
				LastSwiftUpdateCheck = 1510;
				LastUpgradeCheck = 1510;
				TargetAttributes = {
					177059D22B4C31BC0047322B = {
						CreatedOnToolsVersion = 15.1;
					};
				};
			};
			buildConfigurationList = 177059CE2B4C31BC0047322B /* Build configuration list for PBXProject "MedicalAnalysis" */;
			compatibilityVersion = "Xcode 14.0";
			developmentRegion = en;
			hasScannedForEncodings = 0;
			knownRegions = (
				en,
				Base,
			);
			mainGroup = 177059CA2B4C31BC0047322B;
			productRefGroup = 177059D42B4C31BC0047322B /* Products */;
			projectDirPath = "";
			projectRoot = "";
			targets = (
				177059D22B4C31BC0047322B /* MedicalAnalysis */,
			);
		};
/* End PBXProject section */

/* Begin PBXResourcesBuildPhase section */
		177059D12B4C31BC0047322B /* Resources */ = {
			isa = PBXResourcesBuildPhase;
			buildActionMask = 2147483647;
			files = (
				177059DE2B4C31C20047322B /* Preview Assets.xcassets in Resources */,
				177059DB2B4C31C20047322B /* Assets.xcassets in Resources */,
			);
			runOnlyForDeploymentPostprocessing = 0;
		};
/* End PBXResourcesBuildPhase section */

/* Begin PBXSourcesBuildPhase section */
		177059CF2B4C31BC0047322B /* Sources */ = {
			isa = PBXSourcesBuildPhase;
			buildActionMask = 2147483647;
			files = (
				17A6807A2BD68FAE006BC0A8 /* AboutDoctorView.swift in Sources */,
				17A680802BD695E1006BC0A8 /* AboutPatientView.swift in Sources */,
				177059ED2B4CCBC60047322B /* StepModel.swift in Sources */,
				17A680822BD69C25006BC0A8 /* UploadNewMedDataView.swift in Sources */,
				1735914B2BBD95D100F7494A /* MlModelForDiplom 1.mlmodel in Sources */,
				173591512BBD9B8900F7494A /* DiabetPredictView.swift in Sources */,
				173591492BBD95D100F7494A /* HealthStore.swift in Sources */,
				1735914A2BBD95D100F7494A /* ML.swift in Sources */,
				173A0C482BD16E21003D1C9B /* MenuView.swift in Sources */,
				176412752BA1B28300746175 /* PatientListView.swift in Sources */,
				1735914F2BBD99F500F7494A /* StepBarView.swift in Sources */,
				17A680842BD6A6C5006BC0A8 /* AuthView.swift in Sources */,
				17A6807D2BD6906E006BC0A8 /* UserListModel.swift in Sources */,
				17A680772BD68F4D006BC0A8 /* DiabetPredictModel.swift in Sources */,
				177059D72B4C31BC0047322B /* MedicalAnalysisApp.swift in Sources */,
			);
			runOnlyForDeploymentPostprocessing = 0;
		};
/* End PBXSourcesBuildPhase section */

/* Begin XCBuildConfiguration section */
		177059DF2B4C31C20047322B /* Debug */ = {
			isa = XCBuildConfiguration;
			buildSettings = {
				ALWAYS_SEARCH_USER_PATHS = NO;
				ASSETCATALOG_COMPILER_GENERATE_SWIFT_ASSET_SYMBOL_EXTENSIONS = YES;
				CLANG_ANALYZER_NONNULL = YES;
				CLANG_ANALYZER_NUMBER_OBJECT_CONVERSION = YES_AGGRESSIVE;
				CLANG_CXX_LANGUAGE_STANDARD = "gnu++20";
				CLANG_ENABLE_MODULES = YES;
				CLANG_ENABLE_OBJC_ARC = YES;
				CLANG_ENABLE_OBJC_WEAK = YES;
				CLANG_WARN_BLOCK_CAPTURE_AUTORELEASING = YES;
				CLANG_WARN_BOOL_CONVERSION = YES;
				CLANG_WARN_COMMA = YES;
				CLANG_WARN_CONSTANT_CONVERSION = YES;
				CLANG_WARN_DEPRECATED_OBJC_IMPLEMENTATIONS = YES;
				CLANG_WARN_DIRECT_OBJC_ISA_USAGE = YES_ERROR;
				CLANG_WARN_DOCUMENTATION_COMMENTS = YES;
				CLANG_WARN_EMPTY_BODY = YES;
				CLANG_WARN_ENUM_CONVERSION = YES;
				CLANG_WARN_INFINITE_RECURSION = YES;
				CLANG_WARN_INT_CONVERSION = YES;
				CLANG_WARN_NON_LITERAL_NULL_CONVERSION = YES;
				CLANG_WARN_OBJC_IMPLICIT_RETAIN_SELF = YES;
				CLANG_WARN_OBJC_LITERAL_CONVERSION = YES;
				CLANG_WARN_OBJC_ROOT_CLASS = YES_ERROR;
				CLANG_WARN_QUOTED_INCLUDE_IN_FRAMEWORK_HEADER = YES;
				CLANG_WARN_RANGE_LOOP_ANALYSIS = YES;
				CLANG_WARN_STRICT_PROTOTYPES = YES;
				CLANG_WARN_SUSPICIOUS_MOVE = YES;
				CLANG_WARN_UNGUARDED_AVAILABILITY = YES_AGGRESSIVE;
				CLANG_WARN_UNREACHABLE_CODE = YES;
				CLANG_WARN__DUPLICATE_METHOD_MATCH = YES;
				COPY_PHASE_STRIP = NO;
				DEBUG_INFORMATION_FORMAT = dwarf;
				ENABLE_STRICT_OBJC_MSGSEND = YES;
				ENABLE_TESTABILITY = YES;
				ENABLE_USER_SCRIPT_SANDBOXING = YES;
				GCC_C_LANGUAGE_STANDARD = gnu17;
				GCC_DYNAMIC_NO_PIC = NO;
				GCC_NO_COMMON_BLOCKS = YES;
				GCC_OPTIMIZATION_LEVEL = 0;
				GCC_PREPROCESSOR_DEFINITIONS = (
					"DEBUG=1",
					"$(inherited)",
				);
				GCC_WARN_64_TO_32_BIT_CONVERSION = YES;
				GCC_WARN_ABOUT_RETURN_TYPE = YES_ERROR;
				GCC_WARN_UNDECLARED_SELECTOR = YES;
				GCC_WARN_UNINITIALIZED_AUTOS = YES_AGGRESSIVE;
				GCC_WARN_UNUSED_FUNCTION = YES;
				GCC_WARN_UNUSED_VARIABLE = YES;
				IPHONEOS_DEPLOYMENT_TARGET = 16.0;
				LOCALIZATION_PREFERS_STRING_CATALOGS = YES;
				MTL_ENABLE_DEBUG_INFO = INCLUDE_SOURCE;
				MTL_FAST_MATH = YES;
				ONLY_ACTIVE_ARCH = YES;
				SDKROOT = iphoneos;
				SWIFT_ACTIVE_COMPILATION_CONDITIONS = "DEBUG $(inherited)";
				SWIFT_OPTIMIZATION_LEVEL = "-Onone";
			};
			name = Debug;
		};
		177059E02B4C31C20047322B /* Release */ = {
			isa = XCBuildConfiguration;
			buildSettings = {
				ALWAYS_SEARCH_USER_PATHS = NO;
				ASSETCATALOG_COMPILER_GENERATE_SWIFT_ASSET_SYMBOL_EXTENSIONS = YES;
				CLANG_ANALYZER_NONNULL = YES;
				CLANG_ANALYZER_NUMBER_OBJECT_CONVERSION = YES_AGGRESSIVE;
				CLANG_CXX_LANGUAGE_STANDARD = "gnu++20";
				CLANG_ENABLE_MODULES = YES;
				CLANG_ENABLE_OBJC_ARC = YES;
				CLANG_ENABLE_OBJC_WEAK = YES;
				CLANG_WARN_BLOCK_CAPTURE_AUTORELEASING = YES;
				CLANG_WARN_BOOL_CONVERSION = YES;
				CLANG_WARN_COMMA = YES;
				CLANG_WARN_CONSTANT_CONVERSION = YES;
				CLANG_WARN_DEPRECATED_OBJC_IMPLEMENTATIONS = YES;
				CLANG_WARN_DIRECT_OBJC_ISA_USAGE = YES_ERROR;
				CLANG_WARN_DOCUMENTATION_COMMENTS = YES;
				CLANG_WARN_EMPTY_BODY = YES;
				CLANG_WARN_ENUM_CONVERSION = YES;
				CLANG_WARN_INFINITE_RECURSION = YES;
				CLANG_WARN_INT_CONVERSION = YES;
				CLANG_WARN_NON_LITERAL_NULL_CONVERSION = YES;
				CLANG_WARN_OBJC_IMPLICIT_RETAIN_SELF = YES;
				CLANG_WARN_OBJC_LITERAL_CONVERSION = YES;
				CLANG_WARN_OBJC_ROOT_CLASS = YES_ERROR;
				CLANG_WARN_QUOTED_INCLUDE_IN_FRAMEWORK_HEADER = YES;
				CLANG_WARN_RANGE_LOOP_ANALYSIS = YES;
				CLANG_WARN_STRICT_PROTOTYPES = YES;
				CLANG_WARN_SUSPICIOUS_MOVE = YES;
				CLANG_WARN_UNGUARDED_AVAILABILITY = YES_AGGRESSIVE;
				CLANG_WARN_UNREACHABLE_CODE = YES;
				CLANG_WARN__DUPLICATE_METHOD_MATCH = YES;
				COPY_PHASE_STRIP = NO;
				DEBUG_INFORMATION_FORMAT = "dwarf-with-dsym";
				ENABLE_NS_ASSERTIONS = NO;
				ENABLE_STRICT_OBJC_MSGSEND = YES;
				ENABLE_USER_SCRIPT_SANDBOXING = YES;
				GCC_C_LANGUAGE_STANDARD = gnu17;
				GCC_NO_COMMON_BLOCKS = YES;
				GCC_WARN_64_TO_32_BIT_CONVERSION = YES;
				GCC_WARN_ABOUT_RETURN_TYPE = YES_ERROR;
				GCC_WARN_UNDECLARED_SELECTOR = YES;
				GCC_WARN_UNINITIALIZED_AUTOS = YES_AGGRESSIVE;
				GCC_WARN_UNUSED_FUNCTION = YES;
				GCC_WARN_UNUSED_VARIABLE = YES;
				IPHONEOS_DEPLOYMENT_TARGET = 16.0;
				LOCALIZATION_PREFERS_STRING_CATALOGS = YES;
				MTL_ENABLE_DEBUG_INFO = NO;
				MTL_FAST_MATH = YES;
				SDKROOT = iphoneos;
				SWIFT_COMPILATION_MODE = wholemodule;
				VALIDATE_PRODUCT = YES;
			};
			name = Release;
		};
		177059E22B4C31C20047322B /* Debug */ = {
			isa = XCBuildConfiguration;
			buildSettings = {
				ASSETCATALOG_COMPILER_APPICON_NAME = AppIcon;
				ASSETCATALOG_COMPILER_GLOBAL_ACCENT_COLOR_NAME = AccentColor;
				CODE_SIGN_ENTITLEMENTS = MedicalAnalysis/MedicalAnalysis.entitlements;
				CODE_SIGN_STYLE = Automatic;
				CURRENT_PROJECT_VERSION = 1;
				DEVELOPMENT_ASSET_PATHS = "\"MedicalAnalysis/Preview Content\"";
				DEVELOPMENT_TEAM = U5P97KCFM7;
				ENABLE_PREVIEWS = YES;
				GENERATE_INFOPLIST_FILE = YES;
				INFOPLIST_KEY_CFBundleDisplayName = "MedHelper+";
				INFOPLIST_KEY_LSApplicationCategoryType = "public.app-category.healthcare-fitness";
				INFOPLIST_KEY_NSHealthClinicalHealthRecordsShareUsageDescription = "I would like to record Sessions for demoing to readers";
				INFOPLIST_KEY_NSHealthShareUsageDescription = "I would like to record Sessions for demoing to readers";
				INFOPLIST_KEY_NSHealthUpdateUsageDescription = "I would like to update your Mindful Sessions for demoing to readers";
				INFOPLIST_KEY_UIApplicationSceneManifest_Generation = YES;
				INFOPLIST_KEY_UIApplicationSupportsIndirectInputEvents = YES;
				INFOPLIST_KEY_UILaunchScreen_Generation = YES;
				INFOPLIST_KEY_UISupportedInterfaceOrientations = UIInterfaceOrientationPortrait;
				INFOPLIST_KEY_UISupportedInterfaceOrientations_iPad = "UIInterfaceOrientationLandscapeLeft UIInterfaceOrientationLandscapeRight UIInterfaceOrientationPortrait UIInterfaceOrientationPortraitUpsideDown";
				IPHONEOS_DEPLOYMENT_TARGET = 16.0;
				LD_RUNPATH_SEARCH_PATHS = (
					"$(inherited)",
					"@executable_path/Frameworks",
				);
				MARKETING_VERSION = 1.0;
				PRODUCT_BUNDLE_IDENTIFIER = ru.mos.dit.MedicalAnalysis;
				PRODUCT_NAME = "$(TARGET_NAME)";
				SUPPORTED_PLATFORMS = "iphoneos iphonesimulator";
				SUPPORTS_MACCATALYST = NO;
				SUPPORTS_MAC_DESIGNED_FOR_IPHONE_IPAD = NO;
				SUPPORTS_XR_DESIGNED_FOR_IPHONE_IPAD = NO;
				SWIFT_EMIT_LOC_STRINGS = YES;
				SWIFT_VERSION = 5.0;
				TARGETED_DEVICE_FAMILY = 1;
			};
			name = Debug;
		};
		177059E32B4C31C20047322B /* Release */ = {
			isa = XCBuildConfiguration;
			buildSettings = {
				ASSETCATALOG_COMPILER_APPICON_NAME = AppIcon;
				ASSETCATALOG_COMPILER_GLOBAL_ACCENT_COLOR_NAME = AccentColor;
				CODE_SIGN_ENTITLEMENTS = MedicalAnalysis/MedicalAnalysis.entitlements;
				CODE_SIGN_STYLE = Automatic;
				CURRENT_PROJECT_VERSION = 1;
				DEVELOPMENT_ASSET_PATHS = "\"MedicalAnalysis/Preview Content\"";
				DEVELOPMENT_TEAM = U5P97KCFM7;
				ENABLE_PREVIEWS = YES;
				GENERATE_INFOPLIST_FILE = YES;
				INFOPLIST_KEY_CFBundleDisplayName = "MedHelper+";
				INFOPLIST_KEY_LSApplicationCategoryType = "public.app-category.healthcare-fitness";
				INFOPLIST_KEY_NSHealthClinicalHealthRecordsShareUsageDescription = "I would like to record Sessions for demoing to readers";
				INFOPLIST_KEY_NSHealthShareUsageDescription = "I would like to record Sessions for demoing to readers";
				INFOPLIST_KEY_NSHealthUpdateUsageDescription = "I would like to update your Mindful Sessions for demoing to readers";
				INFOPLIST_KEY_UIApplicationSceneManifest_Generation = YES;
				INFOPLIST_KEY_UIApplicationSupportsIndirectInputEvents = YES;
				INFOPLIST_KEY_UILaunchScreen_Generation = YES;
				INFOPLIST_KEY_UISupportedInterfaceOrientations = UIInterfaceOrientationPortrait;
				INFOPLIST_KEY_UISupportedInterfaceOrientations_iPad = "UIInterfaceOrientationLandscapeLeft UIInterfaceOrientationLandscapeRight UIInterfaceOrientationPortrait UIInterfaceOrientationPortraitUpsideDown";
				IPHONEOS_DEPLOYMENT_TARGET = 16.0;
				LD_RUNPATH_SEARCH_PATHS = (
					"$(inherited)",
					"@executable_path/Frameworks",
				);
				MARKETING_VERSION = 1.0;
				PRODUCT_BUNDLE_IDENTIFIER = ru.mos.dit.MedicalAnalysis;
				PRODUCT_NAME = "$(TARGET_NAME)";
				SUPPORTED_PLATFORMS = "iphoneos iphonesimulator";
				SUPPORTS_MACCATALYST = NO;
				SUPPORTS_MAC_DESIGNED_FOR_IPHONE_IPAD = NO;
				SUPPORTS_XR_DESIGNED_FOR_IPHONE_IPAD = NO;
				SWIFT_EMIT_LOC_STRINGS = YES;
				SWIFT_VERSION = 5.0;
				TARGETED_DEVICE_FAMILY = 1;
			};
			name = Release;
		};
/* End XCBuildConfiguration section */

/* Begin XCConfigurationList section */
		177059CE2B4C31BC0047322B /* Build configuration list for PBXProject "MedicalAnalysis" */ = {
			isa = XCConfigurationList;
			buildConfigurations = (
				177059DF2B4C31C20047322B /* Debug */,
				177059E02B4C31C20047322B /* Release */,
			);
			defaultConfigurationIsVisible = 0;
			defaultConfigurationName = Release;
		};
		177059E12B4C31C20047322B /* Build configuration list for PBXNativeTarget "MedicalAnalysis" */ = {
			isa = XCConfigurationList;
			buildConfigurations = (
				177059E22B4C31C20047322B /* Debug */,
				177059E32B4C31C20047322B /* Release */,
			);
			defaultConfigurationIsVisible = 0;
			defaultConfigurationName = Release;
		};
/* End XCConfigurationList section */
	};
	rootObject = 177059CB2B4C31BC0047322B /* Project object */;
}
